<?xml version="1.0" encoding="UTF-8"?>
<Solution>
	<Configurations>
		<BuildType Name="Debug"/>
		<BuildType Name="Release"/>
		<BuildType Name="MinSizeRel"/>
		<BuildType Name="RelWithDebInfo"/>
		<Platform Name="x64"/>
	</Configurations>
	<Project Path="ALL_BUILD.vcxproj" Type="8bc9ceb8-8b4a-11d0-8d11-00a0c91bc942" Id="9ac1e98a-a2c1-36fb-980e-294baa3a3c3f" DefaultStartup="true">
		<BuildDependency Project="ZERO_CHECK.vcxproj"/>
		<BuildDependency Project="_deps/fmt-build/fmt.vcxproj"/>
		<BuildDependency Project="src/lambui.vcxproj"/>
		<BuildDependency Project="lua/lambui_lua.vcxproj"/>
		<BuildDependency Project="_deps/lua-build/lua-5.4.6/lua_static.vcxproj"/>
	</Project>
	<Project Path="INSTALL.vcxproj" Type="8bc9ceb8-8b4a-11d0-8d11-00a0c91bc942" Id="84504ee0-8e7b-3e9d-9f11-4d389e0600e3">
		<BuildDependency Project="ALL_BUILD.vcxproj"/>
		<BuildDependency Project="ZERO_CHECK.vcxproj"/>
		<Build Solution="Debug|*" Project="false"/>
		<Build Solution="Release|*" Project="false"/>
		<Build Solution="MinSizeRel|*" Project="false"/>
		<Build Solution="RelWithDebInfo|*" Project="false"/>
	</Project>
	<Project Path="ZERO_CHECK.vcxproj" Type="8bc9ceb8-8b4a-11d0-8d11-00a0c91bc942" Id="4140a48f-5791-3448-8911-dfcd90b617cb"/>
	<Project Path="_deps/fmt-build/fmt.vcxproj" Type="8bc9ceb8-8b4a-11d0-8d11-00a0c91bc942" Id="cf3bdba2-3cc8-3187-9803-e6bd647a35a2">
		<BuildDependency Project="ZERO_CHECK.vcxproj"/>
	</Project>
	<Project Path="src/lambui.vcxproj" Type="8bc9ceb8-8b4a-11d0-8d11-00a0c91bc942" Id="ebd1d87b-84e1-3544-9621-830627a095c0">
		<BuildDependency Project="ZERO_CHECK.vcxproj"/>
		<BuildDependency Project="_deps/fmt-build/fmt.vcxproj"/>
	</Project>
	<Project Path="lua/lambui_lua.vcxproj" Type="8bc9ceb8-8b4a-11d0-8d11-00a0c91bc942" Id="db9e4ef1-ea0e-3f70-bfcf-df2ecc6ea5b6">
		<BuildDependency Project="ZERO_CHECK.vcxproj"/>
		<BuildDependency Project="_deps/fmt-build/fmt.vcxproj"/>
		<BuildDependency Project="src/lambui.vcxproj"/>
		<BuildDependency Project="_deps/lua-build/lua-5.4.6/lua_static.vcxproj"/>
	</Project>
	<Project Path="_deps/lua-build/lua-5.4.6/lua_shared.vcxproj" Type="8bc9ceb8-8b4a-11d0-8d11-00a0c91bc942" Id="e8918d07-1a96-33e6-bcbf-ef24dca3061c">
		<BuildDependency Project="ZERO_CHECK.vcxproj"/>
	</Project>
	<Project Path="_deps/lua-build/lua-5.4.6/lua_static.vcxproj" Type="8bc9ceb8-8b4a-11d0-8d11-00a0c91bc942" Id="4fbf6b1b-f703-3413-b5e8-d72d5ec4a3b0">
		<BuildDependency Project="ZERO_CHECK.vcxproj"/>
	</Project>
</Solution>
